lockfileVersion: 5.3

specifiers:
  '@babel/types': ^7.18.4
  typescript: ^4.7.2
  vue: ^3.2.36

dependencies:
  typescript: 4.7.2

devDependencies:
  '@babel/types': 7.18.4
  vue: 3.2.36

packages:

  /@babel/helper-validator-identifier/7.16.7:
    resolution: {integrity: sha512-hsEnFemeiW4D08A5gUAZxLBTXpZ39P+a+DGDsHw1yxqyQ/jzFEnxf5uTEGp+3bzAbNOxU1paTgYS4ECU/IgfDw==}
    engines: {node: '>=6.9.0'}
    dev: true

  /@babel/parser/7.18.4:
    resolution: {integrity: sha512-FDge0dFazETFcxGw/EXzOkN8uJp0PC7Qbm+Pe9T+av2zlBpOgunFHkQPPn+eRuClU73JF+98D531UgayY89tow==}
    engines: {node: '>=6.0.0'}
    hasBin: true
    dev: true

  /@babel/types/7.18.4:
    resolution: {integrity: sha512-ThN1mBcMq5pG/Vm2IcBmPPfyPXbd8S02rS+OBIDENdufvqC7Z/jHPCv9IcP01277aKtDI8g/2XysBN4hA8niiw==}
    engines: {node: '>=6.9.0'}
    dependencies:
      '@babel/helper-validator-identifier': 7.16.7
      to-fast-properties: 2.0.0
    dev: true

  /@vue/compiler-core/3.2.36:
    resolution: {integrity: sha512-bbyZM5hvBicv0PW3KUfVi+x3ylHnfKG7DOn5wM+f2OztTzTjLEyBb/5yrarIYpmnGitVGbjZqDbODyW4iK8hqw==}
    dependencies:
      '@babel/parser': 7.18.4
      '@vue/shared': 3.2.36
      estree-walker: 2.0.2
      source-map: 0.6.1
    dev: true

  /@vue/compiler-dom/3.2.36:
    resolution: {integrity: sha512-tcOTAOiW4s24QLnq+ON6J+GRONXJ+A/mqKCORi0LSlIh8XQlNnlm24y8xIL8la+ZDgkdbjarQ9ZqYSvEja6gVA==}
    dependencies:
      '@vue/compiler-core': 3.2.36
      '@vue/shared': 3.2.36
    dev: true

  /@vue/compiler-sfc/3.2.36:
    resolution: {integrity: sha512-AvGb4bTj4W8uQ4BqaSxo7UwTEqX5utdRSMyHy58OragWlt8nEACQ9mIeQh3K4di4/SX+41+pJrLIY01lHAOFOA==}
    dependencies:
      '@babel/parser': 7.18.4
      '@vue/compiler-core': 3.2.36
      '@vue/compiler-dom': 3.2.36
      '@vue/compiler-ssr': 3.2.36
      '@vue/reactivity-transform': 3.2.36
      '@vue/shared': 3.2.36
      estree-walker: 2.0.2
      magic-string: 0.25.9
      postcss: 8.4.14
      source-map: 0.6.1
    dev: true

  /@vue/compiler-ssr/3.2.36:
    resolution: {integrity: sha512-+KugInUFRvOxEdLkZwE+W43BqHyhBh0jpYXhmqw1xGq2dmE6J9eZ8UUSOKNhdHtQ/iNLWWeK/wPZkVLUf3YGaw==}
    dependencies:
      '@vue/compiler-dom': 3.2.36
      '@vue/shared': 3.2.36
    dev: true

  /@vue/reactivity-transform/3.2.36:
    resolution: {integrity: sha512-Jk5o2BhpODC9XTA7o4EL8hSJ4JyrFWErLtClG3NH8wDS7ri9jBDWxI7/549T7JY9uilKsaNM+4pJASLj5dtRwA==}
    dependencies:
      '@babel/parser': 7.18.4
      '@vue/compiler-core': 3.2.36
      '@vue/shared': 3.2.36
      estree-walker: 2.0.2
      magic-string: 0.25.9
    dev: true

  /@vue/reactivity/3.2.36:
    resolution: {integrity: sha512-c2qvopo0crh9A4GXi2/2kfGYMxsJW4tVILrqRPydVGZHhq0fnzy6qmclWOhBFckEhmyxmpHpdJtIRYGeKcuhnA==}
    dependencies:
      '@vue/shared': 3.2.36
    dev: true

  /@vue/runtime-core/3.2.36:
    resolution: {integrity: sha512-PTWBD+Lub+1U3/KhbCExrfxyS14hstLX+cBboxVHaz+kXoiDLNDEYAovPtxeTutbqtClIXtft+wcGdC+FUQ9qQ==}
    dependencies:
      '@vue/reactivity': 3.2.36
      '@vue/shared': 3.2.36
    dev: true

  /@vue/runtime-dom/3.2.36:
    resolution: {integrity: sha512-gYPYblm7QXHVuBohqNRRT7Wez0f2Mx2D40rb4fleehrJU9CnkjG0phhcGEZFfGwCmHZRqBCRgbFWE98bPULqkg==}
    dependencies:
      '@vue/runtime-core': 3.2.36
      '@vue/shared': 3.2.36
      csstype: 2.6.20
    dev: true

  /@vue/server-renderer/3.2.36_vue@3.2.36:
    resolution: {integrity: sha512-uZE0+jfye6yYXWvAQYeHZv+f50sRryvy16uiqzk3jn8hEY8zTjI+rzlmZSGoE915k+W/Ol9XSw6vxOUD8dGkUg==}
    peerDependencies:
      vue: 3.2.36
    dependencies:
      '@vue/compiler-ssr': 3.2.36
      '@vue/shared': 3.2.36
      vue: 3.2.36
    dev: true

  /@vue/shared/3.2.36:
    resolution: {integrity: sha512-JtB41wXl7Au3+Nl3gD16Cfpj7k/6aCroZ6BbOiCMFCMvrOpkg/qQUXTso2XowaNqBbnkuGHurLAqkLBxNGc1hQ==}
    dev: true

  /csstype/2.6.20:
    resolution: {integrity: sha512-/WwNkdXfckNgw6S5R125rrW8ez139lBHWouiBvX8dfMFtcn6V81REDqnH7+CRpRipfYlyU1CmOnOxrmGcFOjeA==}
    dev: true

  /estree-walker/2.0.2:
    resolution: {integrity: sha512-Rfkk/Mp/DL7JVje3u18FxFujQlTNR2q6QfMSMB7AvCBx91NGj/ba3kCfza0f6dVDbw7YlRf/nDrn7pQrCCyQ/w==}
    dev: true

  /magic-string/0.25.9:
    resolution: {integrity: sha512-RmF0AsMzgt25qzqqLc1+MbHmhdx0ojF2Fvs4XnOqz2ZOBXzzkEwc/dJQZCYHAn7v1jbVOjAZfK8msRn4BxO4VQ==}
    dependencies:
      sourcemap-codec: 1.4.8
    dev: true

  /nanoid/3.3.4:
    resolution: {integrity: sha512-MqBkQh/OHTS2egovRtLk45wEyNXwF+cokD+1YPf9u5VfJiRdAiRwB2froX5Co9Rh20xs4siNPm8naNotSD6RBw==}
    engines: {node: ^10 || ^12 || ^13.7 || ^14 || >=15.0.1}
    hasBin: true
    dev: true

  /picocolors/1.0.0:
    resolution: {integrity: sha512-1fygroTLlHu66zi26VoTDv8yRgm0Fccecssto+MhsZ0D/DGW2sm8E8AjW7NU5VVTRt5GxbeZ5qBuJr+HyLYkjQ==}
    dev: true

  /postcss/8.4.14:
    resolution: {integrity: sha512-E398TUmfAYFPBSdzgeieK2Y1+1cpdxJx8yXbK/m57nRhKSmk1GB2tO4lbLBtlkfPQTDKfe4Xqv1ASWPpayPEig==}
    engines: {node: ^10 || ^12 || >=14}
    dependencies:
      nanoid: 3.3.4
      picocolors: 1.0.0
      source-map-js: 1.0.2
    dev: true

  /source-map-js/1.0.2:
    resolution: {integrity: sha512-R0XvVJ9WusLiqTCEiGCmICCMplcCkIwwR11mOSD9CR5u+IXYdiseeEuXCVAjS54zqwkLcPNnmU4OeJ6tUrWhDw==}
    engines: {node: '>=0.10.0'}
    dev: true

  /source-map/0.6.1:
    resolution: {integrity: sha512-UjgapumWlbMhkBgzT7Ykc5YXUT46F0iKu8SGXq0bcwP5dz/h0Plj6enJqjz1Zbq2l5WaqYnrVbwWOWMyF3F47g==}
    engines: {node: '>=0.10.0'}
    dev: true

  /sourcemap-codec/1.4.8:
    resolution: {integrity: sha512-9NykojV5Uih4lgo5So5dtw+f0JgJX30KCNI8gwhz2J9A15wD0Ml6tjHKwf6fTSa6fAdVBdZeNOs9eJ71qCk8vA==}
    dev: true

  /to-fast-properties/2.0.0:
    resolution: {integrity: sha1-3F5pjL0HkmW8c+A3doGk5Og/YW4=}
    engines: {node: '>=4'}
    dev: true

  /typescript/4.7.2:
    resolution: {integrity: sha512-Mamb1iX2FDUpcTRzltPxgWMKy3fhg0TN378ylbktPGPK/99KbDtMQ4W1hwgsbPAsG3a0xKa1vmw4VKZQbkvz5A==}
    engines: {node: '>=4.2.0'}
    hasBin: true
    dev: false

  /vue/3.2.36:
    resolution: {integrity: sha512-5yTXmrE6gW8IQgttzHW5bfBiFA6mx35ZXHjGLDmKYzW6MMmYvCwuKybANRepwkMYeXw2v1buGg3/lPICY5YlZw==}
    dependencies:
      '@vue/compiler-dom': 3.2.36
      '@vue/compiler-sfc': 3.2.36
      '@vue/runtime-dom': 3.2.36
      '@vue/server-renderer': 3.2.36_vue@3.2.36
      '@vue/shared': 3.2.36
    dev: true
